// !$*UTF8*$!
{
	archiveVersion = 1;
	classes = {
	};
	objectVersion = 46;
	objects = {

/* Begin PBXBuildFile section */
		B0AE1B8A1EC8AA67001F7448 /* app.c in Sources */ = {isa = PBXBuildFile; fileRef = B0AE1B7D1EC8AA67001F7448 /* app.c */; };
		B0AE1B8B1EC8AA67001F7448 /* buffer.c in Sources */ = {isa = PBXBuildFile; fileRef = B0AE1B7F1EC8AA67001F7448 /* buffer.c */; };
		B0AE1B8C1EC8AA67001F7448 /* menubar.c in Sources */ = {isa = PBXBuildFile; fileRef = B0AE1B811EC8AA67001F7448 /* menubar.c */; };
		B0AE1B8D1EC8AA67001F7448 /* README.md in Sources */ = {isa = PBXBuildFile; fileRef = B0AE1B831EC8AA67001F7448 /* README.md */; };
		B0AE1B8E1EC8AA67001F7448 /* region.c in Sources */ = {isa = PBXBuildFile; fileRef = B0AE1B841EC8AA67001F7448 /* region.c */; };
		B0AE1B8F1EC8AA67001F7448 /* view.c in Sources */ = {isa = PBXBuildFile; fileRef = B0AE1B861EC8AA67001F7448 /* view.c */; };
		B0AE1B901EC8AA67001F7448 /* window.c in Sources */ = {isa = PBXBuildFile; fileRef = B0AE1B881EC8AA67001F7448 /* window.c */; };
		B0E05FF91EB8E07E004F2BE2 /* Info.plist in Resources */ = {isa = PBXBuildFile; fileRef = B0E05FF81EB8E07E004F2BE2 /* Info.plist */; };
		B0E060321EB8E0BF004F2BE2 /* main.macos.m in Sources */ = {isa = PBXBuildFile; fileRef = B0E05FFC1EB8E0BF004F2BE2 /* main.macos.m */; };
		B0E060451EB8E0BF004F2BE2 /* pevent.c in Sources */ = {isa = PBXBuildFile; fileRef = B0E060211EB8E0BF004F2BE2 /* pevent.c */; };
		B0E060461EB8E0BF004F2BE2 /* drawing.m in Sources */ = {isa = PBXBuildFile; fileRef = B0E060251EB8E0BF004F2BE2 /* drawing.m */; };
		B0E060471EB8E0BF004F2BE2 /* menu.m in Sources */ = {isa = PBXBuildFile; fileRef = B0E060261EB8E0BF004F2BE2 /* menu.m */; };
		B0E060481EB8E0BF004F2BE2 /* ptk.m in Sources */ = {isa = PBXBuildFile; fileRef = B0E060271EB8E0BF004F2BE2 /* ptk.m */; };
		B0E060491EB8E0BF004F2BE2 /* window.m in Sources */ = {isa = PBXBuildFile; fileRef = B0E060291EB8E0BF004F2BE2 /* window.m */; };
/* End PBXBuildFile section */

/* Begin PBXFileReference section */
		B09769591EB8851500A5B4C0 /* phi.app */ = {isa = PBXFileReference; explicitFileType = wrapper.application; includeInIndex = 0; path = phi.app; sourceTree = BUILT_PRODUCTS_DIR; };
		B0AE1B7D1EC8AA67001F7448 /* app.c */ = {isa = PBXFileReference; fileEncoding = 4; lastKnownFileType = sourcecode.c.c; path = app.c; sourceTree = "<group>"; };
		B0AE1B7E1EC8AA67001F7448 /* app.h */ = {isa = PBXFileReference; fileEncoding = 4; lastKnownFileType = sourcecode.c.h; path = app.h; sourceTree = "<group>"; };
		B0AE1B7F1EC8AA67001F7448 /* buffer.c */ = {isa = PBXFileReference; fileEncoding = 4; lastKnownFileType = sourcecode.c.c; path = buffer.c; sourceTree = "<group>"; };
		B0AE1B801EC8AA67001F7448 /* buffer.h */ = {isa = PBXFileReference; fileEncoding = 4; lastKnownFileType = sourcecode.c.h; path = buffer.h; sourceTree = "<group>"; };
		B0AE1B811EC8AA67001F7448 /* menubar.c */ = {isa = PBXFileReference; fileEncoding = 4; lastKnownFileType = sourcecode.c.c; path = menubar.c; sourceTree = "<group>"; };
		B0AE1B821EC8AA67001F7448 /* menubar.h */ = {isa = PBXFileReference; fileEncoding = 4; lastKnownFileType = sourcecode.c.h; path = menubar.h; sourceTree = "<group>"; };
		B0AE1B831EC8AA67001F7448 /* README.md */ = {isa = PBXFileReference; fileEncoding = 4; lastKnownFileType = net.daringfireball.markdown; path = README.md; sourceTree = "<group>"; };
		B0AE1B841EC8AA67001F7448 /* region.c */ = {isa = PBXFileReference; fileEncoding = 4; lastKnownFileType = sourcecode.c.c; path = region.c; sourceTree = "<group>"; };
		B0AE1B851EC8AA67001F7448 /* region.h */ = {isa = PBXFileReference; fileEncoding = 4; lastKnownFileType = sourcecode.c.h; path = region.h; sourceTree = "<group>"; };
		B0AE1B861EC8AA67001F7448 /* view.c */ = {isa = PBXFileReference; fileEncoding = 4; lastKnownFileType = sourcecode.c.c; path = view.c; sourceTree = "<group>"; };
		B0AE1B871EC8AA67001F7448 /* view.h */ = {isa = PBXFileReference; fileEncoding = 4; lastKnownFileType = sourcecode.c.h; path = view.h; sourceTree = "<group>"; };
		B0AE1B881EC8AA67001F7448 /* window.c */ = {isa = PBXFileReference; fileEncoding = 4; lastKnownFileType = sourcecode.c.c; path = window.c; sourceTree = "<group>"; };
		B0AE1B891EC8AA67001F7448 /* window.h */ = {isa = PBXFileReference; fileEncoding = 4; lastKnownFileType = sourcecode.c.h; path = window.h; sourceTree = "<group>"; };
		B0E05FF81EB8E07E004F2BE2 /* Info.plist */ = {isa = PBXFileReference; fileEncoding = 4; lastKnownFileType = text.plist.xml; name = Info.plist; path = ../Info.plist; sourceTree = "<group>"; };
		B0E05FFC1EB8E0BF004F2BE2 /* main.macos.m */ = {isa = PBXFileReference; fileEncoding = 4; lastKnownFileType = sourcecode.c.objc; path = main.macos.m; sourceTree = "<group>"; };
		B0E060191EB8E0BF004F2BE2 /* drawing.h */ = {isa = PBXFileReference; fileEncoding = 4; lastKnownFileType = sourcecode.c.h; path = drawing.h; sourceTree = "<group>"; };
		B0E060201EB8E0BF004F2BE2 /* menu.h */ = {isa = PBXFileReference; fileEncoding = 4; lastKnownFileType = sourcecode.c.h; path = menu.h; sourceTree = "<group>"; };
		B0E060211EB8E0BF004F2BE2 /* pevent.c */ = {isa = PBXFileReference; fileEncoding = 4; lastKnownFileType = sourcecode.c.c; path = pevent.c; sourceTree = "<group>"; };
		B0E060221EB8E0BF004F2BE2 /* pevent.h */ = {isa = PBXFileReference; fileEncoding = 4; lastKnownFileType = sourcecode.c.h; path = pevent.h; sourceTree = "<group>"; };
		B0E060231EB8E0BF004F2BE2 /* ptk.h */ = {isa = PBXFileReference; fileEncoding = 4; lastKnownFileType = sourcecode.c.h; path = ptk.h; sourceTree = "<group>"; };
		B0E060251EB8E0BF004F2BE2 /* drawing.m */ = {isa = PBXFileReference; fileEncoding = 4; lastKnownFileType = sourcecode.c.objc; path = drawing.m; sourceTree = "<group>"; };
		B0E060261EB8E0BF004F2BE2 /* menu.m */ = {isa = PBXFileReference; fileEncoding = 4; lastKnownFileType = sourcecode.c.objc; path = menu.m; sourceTree = "<group>"; };
		B0E060271EB8E0BF004F2BE2 /* ptk.m */ = {isa = PBXFileReference; fileEncoding = 4; lastKnownFileType = sourcecode.c.objc; path = ptk.m; sourceTree = "<group>"; };
		B0E060281EB8E0BF004F2BE2 /* types.h */ = {isa = PBXFileReference; fileEncoding = 4; lastKnownFileType = sourcecode.c.h; path = types.h; sourceTree = "<group>"; };
		B0E060291EB8E0BF004F2BE2 /* window.m */ = {isa = PBXFileReference; fileEncoding = 4; lastKnownFileType = sourcecode.c.objc; path = window.m; sourceTree = "<group>"; };
		B0E060301EB8E0BF004F2BE2 /* window.h */ = {isa = PBXFileReference; fileEncoding = 4; lastKnownFileType = sourcecode.c.h; path = window.h; sourceTree = "<group>"; };
/* End PBXFileReference section */

/* Begin PBXFrameworksBuildPhase section */
		B09769561EB8851500A5B4C0 /* Frameworks */ = {
			isa = PBXFrameworksBuildPhase;
			buildActionMask = 2147483647;
			files = (
			);
			runOnlyForDeploymentPostprocessing = 0;
		};
/* End PBXFrameworksBuildPhase section */

/* Begin PBXGroup section */
		B09769501EB8851500A5B4C0 = {
			isa = PBXGroup;
			children = (
				B0E05FFA1EB8E0BF004F2BE2 /* src */,
				B097695A1EB8851500A5B4C0 /* dist */,
			);
			sourceTree = "<group>";
		};
		B097695A1EB8851500A5B4C0 /* dist */ = {
			isa = PBXGroup;
			children = (
				B09769591EB8851500A5B4C0 /* phi.app */,
			);
			name = dist;
			sourceTree = "<group>";
		};
		B0AE1B7C1EC8AA67001F7448 /* phi */ = {
			isa = PBXGroup;
			children = (
				B0AE1B7D1EC8AA67001F7448 /* app.c */,
				B0AE1B7E1EC8AA67001F7448 /* app.h */,
				B0AE1B7F1EC8AA67001F7448 /* buffer.c */,
				B0AE1B801EC8AA67001F7448 /* buffer.h */,
				B0AE1B811EC8AA67001F7448 /* menubar.c */,
				B0AE1B821EC8AA67001F7448 /* menubar.h */,
				B0AE1B831EC8AA67001F7448 /* README.md */,
				B0AE1B841EC8AA67001F7448 /* region.c */,
				B0AE1B851EC8AA67001F7448 /* region.h */,
				B0AE1B861EC8AA67001F7448 /* view.c */,
				B0AE1B871EC8AA67001F7448 /* view.h */,
				B0AE1B881EC8AA67001F7448 /* window.c */,
				B0AE1B891EC8AA67001F7448 /* window.h */,
			);
			path = phi;
			sourceTree = "<group>";
		};
		B0E05FFA1EB8E0BF004F2BE2 /* src */ = {
			isa = PBXGroup;
			children = (
				B0E05FF81EB8E07E004F2BE2 /* Info.plist */,
				B0E05FFC1EB8E0BF004F2BE2 /* main.macos.m */,
				B0AE1B7C1EC8AA67001F7448 /* phi */,
				B0E060121EB8E0BF004F2BE2 /* ptk */,
			);
			path = src;
			sourceTree = "<group>";
		};
		B0E060121EB8E0BF004F2BE2 /* ptk */ = {
			isa = PBXGroup;
			children = (
				B0E060241EB8E0BF004F2BE2 /* target */,
				B0E060191EB8E0BF004F2BE2 /* drawing.h */,
				B0E060201EB8E0BF004F2BE2 /* menu.h */,
				B0E060211EB8E0BF004F2BE2 /* pevent.c */,
				B0E060221EB8E0BF004F2BE2 /* pevent.h */,
				B0E060231EB8E0BF004F2BE2 /* ptk.h */,
				B0E060301EB8E0BF004F2BE2 /* window.h */,
			);
			path = ptk;
			sourceTree = "<group>";
		};
		B0E060241EB8E0BF004F2BE2 /* target */ = {
			isa = PBXGroup;
			children = (
				B0E060251EB8E0BF004F2BE2 /* drawing.m */,
				B0E060261EB8E0BF004F2BE2 /* menu.m */,
				B0E060271EB8E0BF004F2BE2 /* ptk.m */,
				B0E060281EB8E0BF004F2BE2 /* types.h */,
				B0E060291EB8E0BF004F2BE2 /* window.m */,
			);
			path = target;
			sourceTree = "<group>";
		};
/* End PBXGroup section */

/* Begin PBXNativeTarget section */
		B09769581EB8851500A5B4C0 /* phi */ = {
			isa = PBXNativeTarget;
			buildConfigurationList = B097696D1EB8851500A5B4C0 /* Build configuration list for PBXNativeTarget "phi" */;
			buildPhases = (
				B09769551EB8851500A5B4C0 /* Sources */,
				B09769561EB8851500A5B4C0 /* Frameworks */,
				B09769571EB8851500A5B4C0 /* Resources */,
			);
			buildRules = (
			);
			dependencies = (
			);
			name = phi;
			productName = phi;
			productReference = B09769591EB8851500A5B4C0 /* phi.app */;
			productType = "com.apple.product-type.application";
		};
/* End PBXNativeTarget section */

/* Begin PBXProject section */
		B09769511EB8851500A5B4C0 /* Project object */ = {
			isa = PBXProject;
			attributes = {
				LastUpgradeCheck = 0830;
				ORGANIZATIONNAME = learning;
				TargetAttributes = {
					B09769581EB8851500A5B4C0 = {
						CreatedOnToolsVersion = 8.3.2;
						ProvisioningStyle = Automatic;
					};
				};
			};
			buildConfigurationList = B09769541EB8851500A5B4C0 /* Build configuration list for PBXProject "phi" */;
			compatibilityVersion = "Xcode 3.2";
			developmentRegion = English;
			hasScannedForEncodings = 0;
			knownRegions = (
				en,
				Base,
			);
			mainGroup = B09769501EB8851500A5B4C0;
			productRefGroup = B097695A1EB8851500A5B4C0 /* dist */;
			projectDirPath = "";
			projectRoot = "";
			targets = (
				B09769581EB8851500A5B4C0 /* phi */,
			);
		};
/* End PBXProject section */

/* Begin PBXResourcesBuildPhase section */
		B09769571EB8851500A5B4C0 /* Resources */ = {
			isa = PBXResourcesBuildPhase;
			buildActionMask = 2147483647;
			files = (
				B0E05FF91EB8E07E004F2BE2 /* Info.plist in Resources */,
			);
			runOnlyForDeploymentPostprocessing = 0;
		};
/* End PBXResourcesBuildPhase section */

/* Begin PBXSourcesBuildPhase section */
		B09769551EB8851500A5B4C0 /* Sources */ = {
			isa = PBXSourcesBuildPhase;
			buildActionMask = 2147483647;
			files = (
				B0AE1B8C1EC8AA67001F7448 /* menubar.c in Sources */,
				B0E060461EB8E0BF004F2BE2 /* drawing.m in Sources */,
				B0AE1B8F1EC8AA67001F7448 /* view.c in Sources */,
				B0AE1B8D1EC8AA67001F7448 /* README.md in Sources */,
				B0E060471EB8E0BF004F2BE2 /* menu.m in Sources */,
				B0E060491EB8E0BF004F2BE2 /* window.m in Sources */,
				B0AE1B8E1EC8AA67001F7448 /* region.c in Sources */,
				B0AE1B8B1EC8AA67001F7448 /* buffer.c in Sources */,
				B0E060321EB8E0BF004F2BE2 /* main.macos.m in Sources */,
				B0E060481EB8E0BF004F2BE2 /* ptk.m in Sources */,
				B0AE1B901EC8AA67001F7448 /* window.c in Sources */,
				B0E060451EB8E0BF004F2BE2 /* pevent.c in Sources */,
				B0AE1B8A1EC8AA67001F7448 /* app.c in Sources */,
			);
			runOnlyForDeploymentPostprocessing = 0;
		};
/* End PBXSourcesBuildPhase section */

/* Begin XCBuildConfiguration section */
		B097696B1EB8851500A5B4C0 /* Debug */ = {
			isa = XCBuildConfiguration;
			buildSettings = {
				ALWAYS_SEARCH_USER_PATHS = NO;
				CLANG_ANALYZER_NONNULL = YES;
				CLANG_ANALYZER_NUMBER_OBJECT_CONVERSION = YES_AGGRESSIVE;
				CLANG_CXX_LANGUAGE_STANDARD = "gnu++0x";
				CLANG_CXX_LIBRARY = "libc++";
				CLANG_ENABLE_MODULES = YES;
				CLANG_ENABLE_OBJC_ARC = YES;
				CLANG_WARN_BOOL_CONVERSION = YES;
				CLANG_WARN_CONSTANT_CONVERSION = YES;
				CLANG_WARN_DIRECT_OBJC_ISA_USAGE = YES_ERROR;
				CLANG_WARN_DOCUMENTATION_COMMENTS = YES;
				CLANG_WARN_EMPTY_BODY = YES;
				CLANG_WARN_ENUM_CONVERSION = YES;
				CLANG_WARN_INFINITE_RECURSION = YES;
				CLANG_WARN_INT_CONVERSION = YES;
				CLANG_WARN_OBJC_ROOT_CLASS = YES_ERROR;
				CLANG_WARN_SUSPICIOUS_MOVE = YES;
				CLANG_WARN_UNREACHABLE_CODE = YES;
				CLANG_WARN__DUPLICATE_METHOD_MATCH = YES;
				CODE_SIGN_IDENTITY = "-";
				COPY_PHASE_STRIP = NO;
				DEBUG_INFORMATION_FORMAT = dwarf;
				ENABLE_STRICT_OBJC_MSGSEND = YES;
				ENABLE_TESTABILITY = YES;
				GCC_C_LANGUAGE_STANDARD = gnu99;
				GCC_DYNAMIC_NO_PIC = NO;
				GCC_NO_COMMON_BLOCKS = YES;
				GCC_OPTIMIZATION_LEVEL = 0;
				GCC_PREPROCESSOR_DEFINITIONS = (
					"DEBUG=1",
					"$(inherited)",
				);
				GCC_WARN_64_TO_32_BIT_CONVERSION = YES;
				GCC_WARN_ABOUT_RETURN_TYPE = YES_ERROR;
				GCC_WARN_UNDECLARED_SELECTOR = YES;
				GCC_WARN_UNINITIALIZED_AUTOS = YES_AGGRESSIVE;
				GCC_WARN_UNUSED_FUNCTION = YES;
				GCC_WARN_UNUSED_VARIABLE = YES;
				MACOSX_DEPLOYMENT_TARGET = 10.6;
				MTL_ENABLE_DEBUG_INFO = YES;
				ONLY_ACTIVE_ARCH = YES;
				SDKROOT = macosx;
			};
			name = Debug;
		};
		B097696C1EB8851500A5B4C0 /* Release */ = {
			isa = XCBuildConfiguration;
			buildSettings = {
				ALWAYS_SEARCH_USER_PATHS = NO;
				CLANG_ANALYZER_NONNULL = YES;
				CLANG_ANALYZER_NUMBER_OBJECT_CONVERSION = YES_AGGRESSIVE;
				CLANG_CXX_LANGUAGE_STANDARD = "gnu++0x";
				CLANG_CXX_LIBRARY = "libc++";
				CLANG_ENABLE_MODULES = YES;
				CLANG_ENABLE_OBJC_ARC = YES;
				CLANG_WARN_BOOL_CONVERSION = YES;
				CLANG_WARN_CONSTANT_CONVERSION = YES;
				CLANG_WARN_DIRECT_OBJC_ISA_USAGE = YES_ERROR;
				CLANG_WARN_DOCUMENTATION_COMMENTS = YES;
				CLANG_WARN_EMPTY_BODY = YES;
				CLANG_WARN_ENUM_CONVERSION = YES;
				CLANG_WARN_INFINITE_RECURSION = YES;
				CLANG_WARN_INT_CONVERSION = YES;
				CLANG_WARN_OBJC_ROOT_CLASS = YES_ERROR;
				CLANG_WARN_SUSPICIOUS_MOVE = YES;
				CLANG_WARN_UNREACHABLE_CODE = YES;
				CLANG_WARN__DUPLICATE_METHOD_MATCH = YES;
				CODE_SIGN_IDENTITY = "-";
				COPY_PHASE_STRIP = NO;
				DEBUG_INFORMATION_FORMAT = "dwarf-with-dsym";
				ENABLE_NS_ASSERTIONS = NO;
				ENABLE_STRICT_OBJC_MSGSEND = YES;
				GCC_C_LANGUAGE_STANDARD = gnu99;
				GCC_NO_COMMON_BLOCKS = YES;
				GCC_WARN_64_TO_32_BIT_CONVERSION = YES;
				GCC_WARN_ABOUT_RETURN_TYPE = YES_ERROR;
				GCC_WARN_UNDECLARED_SELECTOR = YES;
				GCC_WARN_UNINITIALIZED_AUTOS = YES_AGGRESSIVE;
				GCC_WARN_UNUSED_FUNCTION = YES;
				GCC_WARN_UNUSED_VARIABLE = YES;
				MACOSX_DEPLOYMENT_TARGET = 10.6;
				MTL_ENABLE_DEBUG_INFO = NO;
				SDKROOT = macosx;
			};
			name = Release;
		};
		B097696E1EB8851500A5B4C0 /* Debug */ = {
			isa = XCBuildConfiguration;
			buildSettings = {
				ASSETCATALOG_COMPILER_APPICON_NAME = AppIcon;
				CLANG_ENABLE_OBJC_ARC = NO;
				COMBINE_HIDPI_IMAGES = YES;
				INFOPLIST_FILE = "$(SRCROOT)/Info.plist";
				LD_RUNPATH_SEARCH_PATHS = "$(inherited) @executable_path/../Frameworks";
				MACOSX_DEPLOYMENT_TARGET = 10.6;
				OTHER_CFLAGS = (
					"-x",
					"objective-c",
				);
				OTHER_LDFLAGS = "";
				PRODUCT_BUNDLE_IDENTIFIER = com.learningcn.phi;
				PRODUCT_NAME = "$(TARGET_NAME)";
				SYMROOT = dist;
			};
			name = Debug;
		};
		B097696F1EB8851500A5B4C0 /* Release */ = {
			isa = XCBuildConfiguration;
			buildSettings = {
				ASSETCATALOG_COMPILER_APPICON_NAME = AppIcon;
				CLANG_ENABLE_OBJC_ARC = NO;
				COMBINE_HIDPI_IMAGES = YES;
				INFOPLIST_FILE = "$(SRCROOT)/Info.plist";
				LD_RUNPATH_SEARCH_PATHS = "$(inherited) @executable_path/../Frameworks";
				MACOSX_DEPLOYMENT_TARGET = 10.6;
				OTHER_CFLAGS = (
					"-x",
					"objective-c",
				);
				OTHER_LDFLAGS = "";
				PRODUCT_BUNDLE_IDENTIFIER = com.learningcn.phi;
				PRODUCT_NAME = "$(TARGET_NAME)";
				SYMROOT = dist;
			};
			name = Release;
		};
/* End XCBuildConfiguration section */

/* Begin XCConfigurationList section */
		B09769541EB8851500A5B4C0 /* Build configuration list for PBXProject "phi" */ = {
			isa = XCConfigurationList;
			buildConfigurations = (
				B097696B1EB8851500A5B4C0 /* Debug */,
				B097696C1EB8851500A5B4C0 /* Release */,
			);
			defaultConfigurationIsVisible = 0;
			defaultConfigurationName = Release;
		};
		B097696D1EB8851500A5B4C0 /* Build configuration list for PBXNativeTarget "phi" */ = {
			isa = XCConfigurationList;
			buildConfigurations = (
				B097696E1EB8851500A5B4C0 /* Debug */,
				B097696F1EB8851500A5B4C0 /* Release */,
			);
			defaultConfigurationIsVisible = 0;
			defaultConfigurationName = Release;
		};
/* End XCConfigurationList section */
	};
	rootObject = B09769511EB8851500A5B4C0 /* Project object */;
}
